
Microsoft Visual Studio Solution File, Format Version 12.00
# Visual Studio Version 17
VisualStudioVersion = 17.13.35825.156 d17.13
MinimumVisualStudioVersion = 10.0.40219.1
Project("{FAE04EC0-301F-11D3-BF4B-00C04F79EFBC}") = "To-Do-List", "To-Do-List\To-Do-List.csproj", "{E2F2FF3E-4113-4561-9F5E-F67C0C6605E4}"
EndProject
Global
	GlobalSection(SolutionConfigurationPlatforms) = preSolution
		Debug|Any CPU = Debug|Any CPU
		Release|Any CPU = Release|Any CPU
	EndGlobalSection
	GlobalSection(ProjectConfigurationPlatforms) = postSolution
		{E2F2FF3E-4113-4561-9F5E-F67C0C6605E4}.Debug|Any CPU.ActiveCfg = Debug|Any CPU
		{E2F2FF3E-4113-4561-9F5E-F67C0C6605E4}.Debug|Any CPU.Build.0 = Debug|Any CPU
		{E2F2FF3E-4113-4561-9F5E-F67C0C6605E4}.Release|Any CPU.ActiveCfg = Release|Any CPU
		{E2F2FF3E-4113-4561-9F5E-F67C0C6605E4}.Release|Any CPU.Build.0 = Release|Any CPU
	EndGlobalSection
	GlobalSection(SolutionProperties) = preSolution
		HideSolutionNode = FALSE
	EndGlobalSection
	GlobalSection(ExtensibilityGlobals) = postSolution
		SolutionGuid = {F5409BA1-ECCD-4F5D-B4D5-BCE1E3C8F70C}
	EndGlobalSection
EndGlobal
